
Microsoft Visual Studio Solution File, Format Version 12.00
# Visual Studio Version 16
VisualStudioVersion = 16.0.32413.511
MinimumVisualStudioVersion = 10.0.40219.1
Project("{FAE04EC0-301F-11D3-BF4B-00C04F79EFBC}") = "Api", "Api\Api.csproj", "{09C5721B-06C0-489F-89B9-4D3791F273E2}"
EndProject
Project("{FAE04EC0-301F-11D3-BF4B-00C04F79EFBC}") = "ViewModels", "ViewModels\ViewModels.csproj", "{B75841E4-9900-490A-93BB-C1970CC70DCA}"
EndProject
Project("{FAE04EC0-301F-11D3-BF4B-00C04F79EFBC}") = "Empresa.Presentation", "Empresa.Presentation\Empresa.Presentation.csproj", "{A6A9CE70-6DAB-4700-B2B6-A0BF20B72D01}"
EndProject
Global
	GlobalSection(SolutionConfigurationPlatforms) = preSolution
		Debug|Any CPU = Debug|Any CPU
		Release|Any CPU = Release|Any CPU
	EndGlobalSection
	GlobalSection(ProjectConfigurationPlatforms) = postSolution
		{09C5721B-06C0-489F-89B9-4D3791F273E2}.Debug|Any CPU.ActiveCfg = Debug|Any CPU
		{09C5721B-06C0-489F-89B9-4D3791F273E2}.Debug|Any CPU.Build.0 = Debug|Any CPU
		{09C5721B-06C0-489F-89B9-4D3791F273E2}.Release|Any CPU.ActiveCfg = Release|Any CPU
		{09C5721B-06C0-489F-89B9-4D3791F273E2}.Release|Any CPU.Build.0 = Release|Any CPU
		{B75841E4-9900-490A-93BB-C1970CC70DCA}.Debug|Any CPU.ActiveCfg = Debug|Any CPU
		{B75841E4-9900-490A-93BB-C1970CC70DCA}.Debug|Any CPU.Build.0 = Debug|Any CPU
		{B75841E4-9900-490A-93BB-C1970CC70DCA}.Release|Any CPU.ActiveCfg = Release|Any CPU
		{B75841E4-9900-490A-93BB-C1970CC70DCA}.Release|Any CPU.Build.0 = Release|Any CPU
		{A6A9CE70-6DAB-4700-B2B6-A0BF20B72D01}.Debug|Any CPU.ActiveCfg = Debug|Any CPU
		{A6A9CE70-6DAB-4700-B2B6-A0BF20B72D01}.Debug|Any CPU.Build.0 = Debug|Any CPU
		{A6A9CE70-6DAB-4700-B2B6-A0BF20B72D01}.Release|Any CPU.ActiveCfg = Release|Any CPU
		{A6A9CE70-6DAB-4700-B2B6-A0BF20B72D01}.Release|Any CPU.Build.0 = Release|Any CPU
	EndGlobalSection
	GlobalSection(SolutionProperties) = preSolution
		HideSolutionNode = FALSE
	EndGlobalSection
	GlobalSection(ExtensibilityGlobals) = postSolution
		SolutionGuid = {BDFEC1AF-D2AA-487C-BD73-2EFCC5A8F320}
	EndGlobalSection
EndGlobal
